{
  "originHash" : "f68fd69704a7d894a59e4e939e4b865ed65d98e04e0310892ee98e92ff39b5d3",
  "pins" : [
    {
      "identity" : "swift-numerics",
      "kind" : "remoteSourceControl",
      "location" : "https://github.com/apple/swift-numerics",
      "state" : {
        "revision" : "0a5bc04095a675662cf24757cc0640aa2204253b",
        "version" : "1.0.2"
      }
    }
  ],
  "version" : 3
}
